
Microsoft Visual Studio Solution File, Format Version 12.00
# Visual Studio Version 16
VisualStudioVersion = 16.0.31702.278
MinimumVisualStudioVersion = 10.0.40219.1
Project("{FAE04EC0-301F-11D3-BF4B-00C04F79EFBC}") = "FootBall", "FootBall.csproj", "{7582B2E0-14FD-469F-9084-F754CDB794CC}"
EndProject
Project("{FAE04EC0-301F-11D3-BF4B-00C04F79EFBC}") = "FootBallTests1", "..\FootBallTests1\FootBallTests1.csproj", "{8C322D94-2E58-4209-B213-B7DBFE29BCA4}"
EndProject
Global
	GlobalSection(SolutionConfigurationPlatforms) = preSolution
		Debug|Any CPU = Debug|Any CPU
		Release|Any CPU = Release|Any CPU
	EndGlobalSection
	GlobalSection(ProjectConfigurationPlatforms) = postSolution
		{7582B2E0-14FD-469F-9084-F754CDB794CC}.Debug|Any CPU.ActiveCfg = Debug|Any CPU
		{7582B2E0-14FD-469F-9084-F754CDB794CC}.Debug|Any CPU.Build.0 = Debug|Any CPU
		{7582B2E0-14FD-469F-9084-F754CDB794CC}.Release|Any CPU.ActiveCfg = Release|Any CPU
		{7582B2E0-14FD-469F-9084-F754CDB794CC}.Release|Any CPU.Build.0 = Release|Any CPU
		{8C322D94-2E58-4209-B213-B7DBFE29BCA4}.Debug|Any CPU.ActiveCfg = Debug|Any CPU
		{8C322D94-2E58-4209-B213-B7DBFE29BCA4}.Debug|Any CPU.Build.0 = Debug|Any CPU
		{8C322D94-2E58-4209-B213-B7DBFE29BCA4}.Release|Any CPU.ActiveCfg = Release|Any CPU
		{8C322D94-2E58-4209-B213-B7DBFE29BCA4}.Release|Any CPU.Build.0 = Release|Any CPU
	EndGlobalSection
	GlobalSection(SolutionProperties) = preSolution
		HideSolutionNode = FALSE
	EndGlobalSection
	GlobalSection(ExtensibilityGlobals) = postSolution
		SolutionGuid = {85F4B2A1-BC7E-485C-A6E5-9A63CE4143CE}
	EndGlobalSection
EndGlobal
